{
  "nodes": {
    "crc64fast-nvme-nix": {
      "inputs": {
        "flake-utils": "flake-utils",
        "nixpkgs": [
          "nixpkgs"
        ]
      },
      "locked": {
        "lastModified": 1748290093,
        "narHash": "sha256-3y2MtXDJ5Vgq8ODnmcj9vjsoCUikdqH0RZLpzWB6nvA=",
        "owner": "powwu",
        "repo": "crc64fast-nvme-nix",
        "rev": "9a7547131f53f8456d5e2082db9e550ecc239602",
        "type": "github"
      },
      "original": {
        "owner": "powwu",
        "repo": "crc64fast-nvme-nix",
        "type": "github"
      }
    },
    "flake-utils": {
      "inputs": {
        "systems": "systems"
      },
      "locked": {
        "lastModified": 1731533236,
        "narHash": "sha256-l0KFg5HjrsfsO/JpG+r7fRrqm12kzFHyUHqHCVpMMbI=",
        "owner": "numtide",
        "repo": "flake-utils",
        "rev": "11707dc2f618dd54ca8739b309ec4fc024de578b",
        "type": "github"
      },
      "original": {
        "owner": "numtide",
        "repo": "flake-utils",
        "type": "github"
      }
    },
    "home-manager": {
      "inputs": {
        "nixpkgs": [
          "nixpkgs"
        ]
      },
      "locked": {
        "lastModified": 1749154018,
        "narHash": "sha256-gjN3j7joRvT3a8Zgcylnd4NFsnXeDBumqiu4HmY1RIg=",
        "owner": "nix-community",
        "repo": "home-manager",
        "rev": "7aae0ee71a17b19708b93b3ed448a1a0952bf111",
        "type": "github"
      },
      "original": {
        "owner": "nix-community",
        "ref": "release-25.05",
        "repo": "home-manager",
        "type": "github"
      }
    },
    "nixpkgs": {
      "locked": {
        "lastModified": 1750005367,
        "narHash": "sha256-h/aac1dGLhS3qpaD2aZt25NdKY7b+JT0ZIP2WuGsJMU=",
        "owner": "nixos",
        "repo": "nixpkgs",
        "rev": "6c64dabd3aa85e0c02ef1cdcb6e1213de64baee3",
        "type": "github"
      },
      "original": {
        "owner": "nixos",
        "ref": "nixos-25.05",
        "repo": "nixpkgs",
        "type": "github"
      }
    },
    "nixpkgs-custom": {
      "locked": {
        "lastModified": 1750192165,
        "narHash": "sha256-l89TdvITtfMLB+0KtIRuLO00An7ellXMUYw6rnNWGMI=",
        "owner": "powwu",
        "repo": "nixpkgs",
        "rev": "7f0d659d0cadfcc7af71d596c4e4eb41c7bede5c",
        "type": "github"
      },
      "original": {
        "owner": "powwu",
        "ref": "custom",
        "repo": "nixpkgs",
        "type": "github"
      }
    },
    "nixpkgs-unstable": {
      "locked": {
        "lastModified": 1749794982,
        "narHash": "sha256-Kh9K4taXbVuaLC0IL+9HcfvxsSUx8dPB5s5weJcc9pc=",
        "owner": "nixos",
        "repo": "nixpkgs",
        "rev": "ee930f9755f58096ac6e8ca94a1887e0534e2d81",
        "type": "github"
      },
      "original": {
        "owner": "nixos",
        "ref": "nixos-unstable",
        "repo": "nixpkgs",
        "type": "github"
      }
    },
    "root": {
      "inputs": {
        "crc64fast-nvme-nix": "crc64fast-nvme-nix",
        "home-manager": "home-manager",
        "nixpkgs": "nixpkgs",
        "nixpkgs-custom": "nixpkgs-custom",
        "nixpkgs-unstable": "nixpkgs-unstable",
        "themecord": "themecord"
      }
    },
    "systems": {
      "locked": {
        "lastModified": 1681028828,
        "narHash": "sha256-Vy1rq5AaRuLzOxct8nz4T6wlgyUR7zLU309k9mBC768=",
        "owner": "nix-systems",
        "repo": "default",
        "rev": "da67096a3b9bf56a91d16901293e51ba5b49a27e",
        "type": "github"
      },
      "original": {
        "owner": "nix-systems",
        "repo": "default",
        "type": "github"
      }
    },
    "themecord": {
      "inputs": {
        "nixpkgs": [
          "nixpkgs"
        ]
      },
      "locked": {
        "lastModified": 1743970059,
        "narHash": "sha256-vwrIULP9VmYqhNtHcNaPat6OjKqbDgwf3qSypOusG9c=",
        "owner": "danihek",
        "repo": "themecord",
        "rev": "2117717f830c4847eafc450319de26ae09ac9277",
        "type": "github"
      },
      "original": {
        "owner": "danihek",
        "repo": "themecord",
        "type": "github"
      }
    }
  },
  "root": "root",
  "version": 7
}
