{
  "nodes": {
    "ewm": {
      "inputs": {
        "nixpkgs": "nixpkgs"
      },
      "locked": {
        "lastModified": 1778243000,
        "narHash": "sha256-D4JEH8ZMbUP8YWiwE5PN8QdYG1xbGHGdZfed/kr+8UI=",
        "rev": "dba66bbac725dc23c0c30bcecdee9fd1686db250",
        "type": "tarball",
        "url": "https://codeberg.org/api/v1/repos/ezemtsov/ewm/archive/dba66bbac725dc23c0c30bcecdee9fd1686db250.tar.gz"
      },
      "original": {
        "type": "tarball",
        "url": "https://codeberg.org/ezemtsov/ewm/archive/master.tar.gz"
      }
    },
    "home-manager": {
      "inputs": {
        "nixpkgs": [
          "nixpkgs"
        ]
      },
      "locked": {
        "lastModified": 1778401693,
        "narHash": "sha256-OVHdCqXXUF5UdGkH+FF2ZL06OLZjj2kvP2dIUmzVWoo=",
        "owner": "nix-community",
        "repo": "home-manager",
        "rev": "389b83002efc26f1145e89a6a8e6edc5a6435948",
        "type": "github"
      },
      "original": {
        "owner": "nix-community",
        "ref": "release-25.11",
        "repo": "home-manager",
        "type": "github"
      }
    },
    "nixpkgs": {
      "locked": {
        "lastModified": 1771369470,
        "narHash": "sha256-0NBlEBKkN3lufyvFegY4TYv5mCNHbi5OmBDrzihbBMQ=",
        "owner": "NixOS",
        "repo": "nixpkgs",
        "rev": "0182a361324364ae3f436a63005877674cf45efb",
        "type": "github"
      },
      "original": {
        "owner": "NixOS",
        "ref": "nixos-unstable",
        "repo": "nixpkgs",
        "type": "github"
      }
    },
    "nixpkgs-custom": {
      "locked": {
        "lastModified": 1771423273,
        "narHash": "sha256-OggoTbXevLxT84K+KU375Y8mvM7ZdPMBJSRD2sweHUU=",
        "owner": "powwu",
        "repo": "nixpkgs",
        "rev": "618a20f3fe3475c30fa87cd71b86a55bfe4ae358",
        "type": "github"
      },
      "original": {
        "owner": "powwu",
        "ref": "custom",
        "repo": "nixpkgs",
        "type": "github"
      }
    },
    "nixpkgs-unstable": {
      "locked": {
        "lastModified": 1777954456,
        "narHash": "sha256-hGdgeU2Nk87RAuZyYjyDjFL6LK7dAZN5RE9+hrDTkDU=",
        "owner": "nixos",
        "repo": "nixpkgs",
        "rev": "549bd84d6279f9852cae6225e372cc67fb91a4c1",
        "type": "github"
      },
      "original": {
        "owner": "nixos",
        "ref": "nixos-unstable",
        "repo": "nixpkgs",
        "type": "github"
      }
    },
    "nixpkgs_2": {
      "locked": {
        "lastModified": 1778430510,
        "narHash": "sha256-Ti+ZBvW6yrWWAg2szExVTwCd4qOJ3KlVr1tFHfyfi8Q=",
        "owner": "nixos",
        "repo": "nixpkgs",
        "rev": "8fd9daa3db09ced9700431c5b7ad0e8ba199b575",
        "type": "github"
      },
      "original": {
        "owner": "nixos",
        "ref": "nixos-25.11",
        "repo": "nixpkgs",
        "type": "github"
      }
    },
    "root": {
      "inputs": {
        "ewm": "ewm",
        "home-manager": "home-manager",
        "nixpkgs": "nixpkgs_2",
        "nixpkgs-custom": "nixpkgs-custom",
        "nixpkgs-unstable": "nixpkgs-unstable",
        "themecord": "themecord"
      }
    },
    "themecord": {
      "inputs": {
        "nixpkgs": [
          "nixpkgs"
        ]
      },
      "locked": {
        "lastModified": 1743970059,
        "narHash": "sha256-vwrIULP9VmYqhNtHcNaPat6OjKqbDgwf3qSypOusG9c=",
        "owner": "danihek",
        "repo": "themecord",
        "rev": "2117717f830c4847eafc450319de26ae09ac9277",
        "type": "github"
      },
      "original": {
        "owner": "danihek",
        "repo": "themecord",
        "type": "github"
      }
    }
  },
  "root": "root",
  "version": 7
}
