{
  "nodes": {
    "crossmacro": {
      "inputs": {
        "flake-parts": "flake-parts",
        "nixpkgs": "nixpkgs"
      },
      "locked": {
        "lastModified": 1769208991,
        "narHash": "sha256-SikIdMfYt+V1TXddM9DBA0H945N8EDnQdqGXw++n9zw=",
        "owner": "alper-han",
        "repo": "CrossMacro",
        "rev": "0c2f101a93d0e1e1c94467419bc06fbe2360fb9b",
        "type": "github"
      },
      "original": {
        "owner": "alper-han",
        "repo": "CrossMacro",
        "type": "github"
      }
    },
    "flake-parts": {
      "inputs": {
        "nixpkgs-lib": "nixpkgs-lib"
      },
      "locked": {
        "lastModified": 1768135262,
        "narHash": "sha256-PVvu7OqHBGWN16zSi6tEmPwwHQ4rLPU9Plvs8/1TUBY=",
        "owner": "hercules-ci",
        "repo": "flake-parts",
        "rev": "80daad04eddbbf5a4d883996a73f3f542fa437ac",
        "type": "github"
      },
      "original": {
        "owner": "hercules-ci",
        "repo": "flake-parts",
        "type": "github"
      }
    },
    "home-manager": {
      "inputs": {
        "nixpkgs": [
          "nixpkgs"
        ]
      },
      "locked": {
        "lastModified": 1768949235,
        "narHash": "sha256-TtjKgXyg1lMfh374w5uxutd6Vx2P/hU81aEhTxrO2cg=",
        "owner": "nix-community",
        "repo": "home-manager",
        "rev": "75ed713570ca17427119e7e204ab3590cc3bf2a5",
        "type": "github"
      },
      "original": {
        "owner": "nix-community",
        "ref": "release-25.11",
        "repo": "home-manager",
        "type": "github"
      }
    },
    "nixpkgs": {
      "locked": {
        "lastModified": 1769018530,
        "narHash": "sha256-MJ27Cy2NtBEV5tsK+YraYr2g851f3Fl1LpNHDzDX15c=",
        "owner": "NixOS",
        "repo": "nixpkgs",
        "rev": "88d3861acdd3d2f0e361767018218e51810df8a1",
        "type": "github"
      },
      "original": {
        "owner": "NixOS",
        "ref": "nixos-unstable",
        "repo": "nixpkgs",
        "type": "github"
      }
    },
    "nixpkgs-custom": {
      "locked": {
        "lastModified": 1750196587,
        "narHash": "sha256-re9yxvD0dXHScp75CGqDzEDVdfr86rR6LHEA7x+oo04=",
        "owner": "powwu",
        "repo": "nixpkgs",
        "rev": "5f0f24cc7c6a658ef6c84881eef3cfeafd0bd1dd",
        "type": "github"
      },
      "original": {
        "owner": "powwu",
        "ref": "custom",
        "repo": "nixpkgs",
        "type": "github"
      }
    },
    "nixpkgs-lib": {
      "locked": {
        "lastModified": 1765674936,
        "narHash": "sha256-k00uTP4JNfmejrCLJOwdObYC9jHRrr/5M/a/8L2EIdo=",
        "owner": "nix-community",
        "repo": "nixpkgs.lib",
        "rev": "2075416fcb47225d9b68ac469a5c4801a9c4dd85",
        "type": "github"
      },
      "original": {
        "owner": "nix-community",
        "repo": "nixpkgs.lib",
        "type": "github"
      }
    },
    "nixpkgs-unstable": {
      "locked": {
        "lastModified": 1769170682,
        "narHash": "sha256-oMmN1lVQU0F0W2k6OI3bgdzp2YOHWYUAw79qzDSjenU=",
        "owner": "nixos",
        "repo": "nixpkgs",
        "rev": "c5296fdd05cfa2c187990dd909864da9658df755",
        "type": "github"
      },
      "original": {
        "owner": "nixos",
        "ref": "nixos-unstable",
        "repo": "nixpkgs",
        "type": "github"
      }
    },
    "nixpkgs_2": {
      "locked": {
        "lastModified": 1769089682,
        "narHash": "sha256-9yA/LIuAVQq0lXelrZPjLuLVuZdm03p8tfmHhnDIkms=",
        "owner": "nixos",
        "repo": "nixpkgs",
        "rev": "078d69f03934859a181e81ba987c2bb033eebfc5",
        "type": "github"
      },
      "original": {
        "owner": "nixos",
        "ref": "nixos-25.11",
        "repo": "nixpkgs",
        "type": "github"
      }
    },
    "root": {
      "inputs": {
        "crossmacro": "crossmacro",
        "home-manager": "home-manager",
        "nixpkgs": "nixpkgs_2",
        "nixpkgs-custom": "nixpkgs-custom",
        "nixpkgs-unstable": "nixpkgs-unstable",
        "themecord": "themecord"
      }
    },
    "themecord": {
      "inputs": {
        "nixpkgs": [
          "nixpkgs"
        ]
      },
      "locked": {
        "lastModified": 1743970059,
        "narHash": "sha256-vwrIULP9VmYqhNtHcNaPat6OjKqbDgwf3qSypOusG9c=",
        "owner": "danihek",
        "repo": "themecord",
        "rev": "2117717f830c4847eafc450319de26ae09ac9277",
        "type": "github"
      },
      "original": {
        "owner": "danihek",
        "repo": "themecord",
        "type": "github"
      }
    }
  },
  "root": "root",
  "version": 7
}
